Microsoft Visual Studio Solution File, Format Version 12.00
# Visual Studio Version 17
VisualStudioVersion = 17.5.2.0
MinimumVisualStudioVersion = 10.0.40219.1
Project("{FAE04EC0-301F-11D3-BF4B-00C04F79EFBC}") = "Pc2-Pogramacion", "Pc2-Pogramacion.csproj", "{980B3FDD-75C2-B4D1-7B40-2DA6D9D8AD57}"
EndProject
Global
	GlobalSection(SolutionConfigurationPlatforms) = preSolution
		Debug|Any CPU = Debug|Any CPU
		Release|Any CPU = Release|Any CPU
	EndGlobalSection
	GlobalSection(ProjectConfigurationPlatforms) = postSolution
		{980B3FDD-75C2-B4D1-7B40-2DA6D9D8AD57}.Debug|Any CPU.ActiveCfg = Debug|Any CPU
		{980B3FDD-75C2-B4D1-7B40-2DA6D9D8AD57}.Debug|Any CPU.Build.0 = Debug|Any CPU
		{980B3FDD-75C2-B4D1-7B40-2DA6D9D8AD57}.Release|Any CPU.ActiveCfg = Release|Any CPU
		{980B3FDD-75C2-B4D1-7B40-2DA6D9D8AD57}.Release|Any CPU.Build.0 = Release|Any CPU
	EndGlobalSection
	GlobalSection(SolutionProperties) = preSolution
		HideSolutionNode = FALSE
	EndGlobalSection
	GlobalSection(ExtensibilityGlobals) = postSolution
		SolutionGuid = {6356DE61-7563-458A-AD44-C61680AD5EAB}
	EndGlobalSection
EndGlobal
